{
  "lockfile_version": "1",
  "packages": {
    "github:NixOS/nixpkgs/nixpkgs-unstable": {
      "last_modified": "2026-02-04T01:49:30Z",
      "resolved": "github:NixOS/nixpkgs/aa290c9891fa4ebe88f8889e59633d20cc06a5f2?lastModified=1770169770"
    },
    "go@1.25.7": {
      "last_modified": "2026-02-23T15:40:43Z",
      "resolved": "github:NixOS/nixpkgs/80d901ec0377e19ac3f7bb8c035201e2e098cc97#go",
      "source": "devbox-search",
      "version": "1.25.7",
      "systems": {
        "aarch64-darwin": {
          "outputs": [
            {
              "name": "out",
              "path": "/nix/store/hj3rkkp4azj65qvalnbl6ax0sgrfgmgh-go-1.25.7",
              "default": true
            }
          ],
          "store_path": "/nix/store/hj3rkkp4azj65qvalnbl6ax0sgrfgmgh-go-1.25.7"
        },
        "aarch64-linux": {
          "outputs": [
            {
              "name": "out",
              "path": "/nix/store/2i6kcj0f0xirrblpl43k2yr673bhf2c5-go-1.25.7",
              "default": true
            }
          ],
          "store_path": "/nix/store/2i6kcj0f0xirrblpl43k2yr673bhf2c5-go-1.25.7"
        },
        "x86_64-darwin": {
          "outputs": [
            {
              "name": "out",
              "path": "/nix/store/8yk4r9kmb00ra1r22cxvdwghr8v987nf-go-1.25.7",
              "default": true
            }
          ],
          "store_path": "/nix/store/8yk4r9kmb00ra1r22cxvdwghr8v987nf-go-1.25.7"
        },
        "x86_64-linux": {
          "outputs": [
            {
              "name": "out",
              "path": "/nix/store/pz4pxhmlqd3q72crp2sx90k85gf2rqyp-go-1.25.7",
              "default": true
            }
          ],
          "store_path": "/nix/store/pz4pxhmlqd3q72crp2sx90k85gf2rqyp-go-1.25.7"
        }
      }
    }
  }
}
